// !$*UTF8*$!
{
	archiveVersion = 1;
	classes = {
	};
	objectVersion = 50;
	objects = {

/* Begin PBXBuildFile section */
		4F1C4EA324A18EFC00D465C7 /* AppDelegate.swift in Sources */ = {isa = PBXBuildFile; fileRef = 4F1C4EA224A18EFC00D465C7 /* AppDelegate.swift */; };
		4F1C4EA524A18EFC00D465C7 /* SceneDelegate.swift in Sources */ = {isa = PBXBuildFile; fileRef = 4F1C4EA424A18EFC00D465C7 /* SceneDelegate.swift */; };
		4F1C4EA724A18EFC00D465C7 /* ViewController.swift in Sources */ = {isa = PBXBuildFile; fileRef = 4F1C4EA624A18EFC00D465C7 /* ViewController.swift */; };
		4F1C4EAA24A18EFC00D465C7 /* Main.storyboard in Resources */ = {isa = PBXBuildFile; fileRef = 4F1C4EA824A18EFC00D465C7 /* Main.storyboard */; };
		4F1C4EAC24A18EFD00D465C7 /* Assets.xcassets in Resources */ = {isa = PBXBuildFile; fileRef = 4F1C4EAB24A18EFD00D465C7 /* Assets.xcassets */; };
		4F1C4EAF24A18EFD00D465C7 /* LaunchScreen.storyboard in Resources */ = {isa = PBXBuildFile; fileRef = 4F1C4EAD24A18EFD00D465C7 /* LaunchScreen.storyboard */; };
/* End PBXBuildFile section */

/* Begin PBXFileReference section */
		4F1C4E9F24A18EFC00D465C7 /* chocolate_by_number.app */ = {isa = PBXFileReference; explicitFileType = wrapper.application; includeInIndex = 0; path = chocolate_by_number.app; sourceTree = BUILT_PRODUCTS_DIR; };
		4F1C4EA224A18EFC00D465C7 /* AppDelegate.swift */ = {isa = PBXFileReference; lastKnownFileType = sourcecode.swift; path = AppDelegate.swift; sourceTree = "<group>"; };
		4F1C4EA424A18EFC00D465C7 /* SceneDelegate.swift */ = {isa = PBXFileReference; lastKnownFileType = sourcecode.swift; path = SceneDelegate.swift; sourceTree = "<group>"; };
		4F1C4EA624A18EFC00D465C7 /* ViewController.swift */ = {isa = PBXFileReference; lastKnownFileType = sourcecode.swift; path = ViewController.swift; sourceTree = "<group>"; };
		4F1C4EA924A18EFC00D465C7 /* Base */ = {isa = PBXFileReference; lastKnownFileType = file.storyboard; name = Base; path = Base.lproj/Main.storyboard; sourceTree = "<group>"; };
		4F1C4EAB24A18EFD00D465C7 /* Assets.xcassets */ = {isa = PBXFileReference; lastKnownFileType = folder.assetcatalog; path = Assets.xcassets; sourceTree = "<group>"; };
		4F1C4EAE24A18EFD00D465C7 /* Base */ = {isa = PBXFileReference; lastKnownFileType = file.storyboard; name = Base; path = Base.lproj/LaunchScreen.storyboard; sourceTree = "<group>"; };
		4F1C4EB024A18EFD00D465C7 /* Info.plist */ = {isa = PBXFileReference; lastKnownFileType = text.plist.xml; path = Info.plist; sourceTree = "<group>"; };
/* End PBXFileReference section */

/* Begin PBXFrameworksBuildPhase section */
		4F1C4E9C24A18EFC00D465C7 /* Frameworks */ = {
			isa = PBXFrameworksBuildPhase;
			buildActionMask = 2147483647;
			files = (
			);
			runOnlyForDeploymentPostprocessing = 0;
		};
/* End PBXFrameworksBuildPhase section */

/* Begin PBXGroup section */
		4F1C4E9624A18EFC00D465C7 = {
			isa = PBXGroup;
			children = (
				4F1C4EA124A18EFC00D465C7 /* chocolate_by_number */,
				4F1C4EA024A18EFC00D465C7 /* Products */,
			);
			sourceTree = "<group>";
		};
		4F1C4EA024A18EFC00D465C7 /* Products */ = {
			isa = PBXGroup;
			children = (
				4F1C4E9F24A18EFC00D465C7 /* chocolate_by_number.app */,
			);
			name = Products;
			sourceTree = "<group>";
		};
		4F1C4EA124A18EFC00D465C7 /* chocolate_by_number */ = {
			isa = PBXGroup;
			children = (
				4F1C4EA224A18EFC00D465C7 /* AppDelegate.swift */,
				4F1C4EA424A18EFC00D465C7 /* SceneDelegate.swift */,
				4F1C4EA624A18EFC00D465C7 /* ViewController.swift */,
				4F1C4EA824A18EFC00D465C7 /* Main.storyboard */,
				4F1C4EAB24A18EFD00D465C7 /* Assets.xcassets */,
				4F1C4EAD24A18EFD00D465C7 /* LaunchScreen.storyboard */,
				4F1C4EB024A18EFD00D465C7 /* Info.plist */,
			);
			path = chocolate_by_number;
			sourceTree = "<group>";
		};
/* End PBXGroup section */

/* Begin PBXNativeTarget section */
		4F1C4E9E24A18EFC00D465C7 /* chocolate_by_number */ = {
			isa = PBXNativeTarget;
			buildConfigurationList = 4F1C4EB324A18EFD00D465C7 /* Build configuration list for PBXNativeTarget "chocolate_by_number" */;
			buildPhases = (
				4F1C4E9B24A18EFC00D465C7 /* Sources */,
				4F1C4E9C24A18EFC00D465C7 /* Frameworks */,
				4F1C4E9D24A18EFC00D465C7 /* Resources */,
			);
			buildRules = (
			);
			dependencies = (
			);
			name = chocolate_by_number;
			productName = chocolate_by_number;
			productReference = 4F1C4E9F24A18EFC00D465C7 /* chocolate_by_number.app */;
			productType = "com.apple.product-type.application";
		};
/* End PBXNativeTarget section */

/* Begin PBXProject section */
		4F1C4E9724A18EFC00D465C7 /* Project object */ = {
			isa = PBXProject;
			attributes = {
				LastSwiftUpdateCheck = 1150;
				LastUpgradeCheck = 1150;
				ORGANIZATIONNAME = "hanwe lee";
				TargetAttributes = {
					4F1C4E9E24A18EFC00D465C7 = {
						CreatedOnToolsVersion = 11.5;
					};
				};
			};
			buildConfigurationList = 4F1C4E9A24A18EFC00D465C7 /* Build configuration list for PBXProject "chocolate_by_number" */;
			compatibilityVersion = "Xcode 9.3";
			developmentRegion = en;
			hasScannedForEncodings = 0;
			knownRegions = (
				en,
				Base,
			);
			mainGroup = 4F1C4E9624A18EFC00D465C7;
			productRefGroup = 4F1C4EA024A18EFC00D465C7 /* Products */;
			projectDirPath = "";
			projectRoot = "";
			targets = (
				4F1C4E9E24A18EFC00D465C7 /* chocolate_by_number */,
			);
		};
/* End PBXProject section */

/* Begin PBXResourcesBuildPhase section */
		4F1C4E9D24A18EFC00D465C7 /* Resources */ = {
			isa = PBXResourcesBuildPhase;
			buildActionMask = 2147483647;
			files = (
				4F1C4EAF24A18EFD00D465C7 /* LaunchScreen.storyboard in Resources */,
				4F1C4EAC24A18EFD00D465C7 /* Assets.xcassets in Resources */,
				4F1C4EAA24A18EFC00D465C7 /* Main.storyboard in Resources */,
			);
			runOnlyForDeploymentPostprocessing = 0;
		};
/* End PBXResourcesBuildPhase section */

/* Begin PBXSourcesBuildPhase section */
		4F1C4E9B24A18EFC00D465C7 /* Sources */ = {
			isa = PBXSourcesBuildPhase;
			buildActionMask = 2147483647;
			files = (
				4F1C4EA724A18EFC00D465C7 /* ViewController.swift in Sources */,
				4F1C4EA324A18EFC00D465C7 /* AppDelegate.swift in Sources */,
				4F1C4EA524A18EFC00D465C7 /* SceneDelegate.swift in Sources */,
			);
			runOnlyForDeploymentPostprocessing = 0;
		};
/* End PBXSourcesBuildPhase section */

/* Begin PBXVariantGroup section */
		4F1C4EA824A18EFC00D465C7 /* Main.storyboard */ = {
			isa = PBXVariantGroup;
			children = (
				4F1C4EA924A18EFC00D465C7 /* Base */,
			);
			name = Main.storyboard;
			sourceTree = "<group>";
		};
		4F1C4EAD24A18EFD00D465C7 /* LaunchScreen.storyboard */ = {
			isa = PBXVariantGroup;
			children = (
				4F1C4EAE24A18EFD00D465C7 /* Base */,
			);
			name = LaunchScreen.storyboard;
			sourceTree = "<group>";
		};
/* End PBXVariantGroup section */

/* Begin XCBuildConfiguration section */
		4F1C4EB124A18EFD00D465C7 /* Debug */ = {
			isa = XCBuildConfiguration;
			buildSettings = {
				ALWAYS_SEARCH_USER_PATHS = NO;
				CLANG_ANALYZER_NONNULL = YES;
				CLANG_ANALYZER_NUMBER_OBJECT_CONVERSION = YES_AGGRESSIVE;
				CLANG_CXX_LANGUAGE_STANDARD = "gnu++14";
				CLANG_CXX_LIBRARY = "libc++";
				CLANG_ENABLE_MODULES = YES;
				CLANG_ENABLE_OBJC_ARC = YES;
				CLANG_ENABLE_OBJC_WEAK = YES;
				CLANG_WARN_BLOCK_CAPTURE_AUTORELEASING = YES;
				CLANG_WARN_BOOL_CONVERSION = YES;
				CLANG_WARN_COMMA = YES;
				CLANG_WARN_CONSTANT_CONVERSION = YES;
				CLANG_WARN_DEPRECATED_OBJC_IMPLEMENTATIONS = YES;
				CLANG_WARN_DIRECT_OBJC_ISA_USAGE = YES_ERROR;
				CLANG_WARN_DOCUMENTATION_COMMENTS = YES;
				CLANG_WARN_EMPTY_BODY = YES;
				CLANG_WARN_ENUM_CONVERSION = YES;
				CLANG_WARN_INFINITE_RECURSION = YES;
				CLANG_WARN_INT_CONVERSION = YES;
				CLANG_WARN_NON_LITERAL_NULL_CONVERSION = YES;
				CLANG_WARN_OBJC_IMPLICIT_RETAIN_SELF = YES;
				CLANG_WARN_OBJC_LITERAL_CONVERSION = YES;
				CLANG_WARN_OBJC_ROOT_CLASS = YES_ERROR;
				CLANG_WARN_RANGE_LOOP_ANALYSIS = YES;
				CLANG_WARN_STRICT_PROTOTYPES = YES;
				CLANG_WARN_SUSPICIOUS_MOVE = YES;
				CLANG_WARN_UNGUARDED_AVAILABILITY = YES_AGGRESSIVE;
				CLANG_WARN_UNREACHABLE_CODE = YES;
				CLANG_WARN__DUPLICATE_METHOD_MATCH = YES;
				COPY_PHASE_STRIP = NO;
				DEBUG_INFORMATION_FORMAT = dwarf;
				ENABLE_STRICT_OBJC_MSGSEND = YES;
				ENABLE_TESTABILITY = YES;
				GCC_C_LANGUAGE_STANDARD = gnu11;
				GCC_DYNAMIC_NO_PIC = NO;
				GCC_NO_COMMON_BLOCKS = YES;
				GCC_OPTIMIZATION_LEVEL = 0;
				GCC_PREPROCESSOR_DEFINITIONS = (
					"DEBUG=1",
					"$(inherited)",
				);
				GCC_WARN_64_TO_32_BIT_CONVERSION = YES;
				GCC_WARN_ABOUT_RETURN_TYPE = YES_ERROR;
				GCC_WARN_UNDECLARED_SELECTOR = YES;
				GCC_WARN_UNINITIALIZED_AUTOS = YES_AGGRESSIVE;
				GCC_WARN_UNUSED_FUNCTION = YES;
				GCC_WARN_UNUSED_VARIABLE = YES;
				IPHONEOS_DEPLOYMENT_TARGET = 13.5;
				MTL_ENABLE_DEBUG_INFO = INCLUDE_SOURCE;
				MTL_FAST_MATH = YES;
				ONLY_ACTIVE_ARCH = YES;
				SDKROOT = iphoneos;
				SWIFT_ACTIVE_COMPILATION_CONDITIONS = DEBUG;
				SWIFT_OPTIMIZATION_LEVEL = "-Onone";
			};
			name = Debug;
		};
		4F1C4EB224A18EFD00D465C7 /* Release */ = {
			isa = XCBuildConfiguration;
			buildSettings = {
				ALWAYS_SEARCH_USER_PATHS = NO;
				CLANG_ANALYZER_NONNULL = YES;
				CLANG_ANALYZER_NUMBER_OBJECT_CONVERSION = YES_AGGRESSIVE;
				CLANG_CXX_LANGUAGE_STANDARD = "gnu++14";
				CLANG_CXX_LIBRARY = "libc++";
				CLANG_ENABLE_MODULES = YES;
				CLANG_ENABLE_OBJC_ARC = YES;
				CLANG_ENABLE_OBJC_WEAK = YES;
				CLANG_WARN_BLOCK_CAPTURE_AUTORELEASING = YES;
				CLANG_WARN_BOOL_CONVERSION = YES;
				CLANG_WARN_COMMA = YES;
				CLANG_WARN_CONSTANT_CONVERSION = YES;
				CLANG_WARN_DEPRECATED_OBJC_IMPLEMENTATIONS = YES;
				CLANG_WARN_DIRECT_OBJC_ISA_USAGE = YES_ERROR;
				CLANG_WARN_DOCUMENTATION_COMMENTS = YES;
				CLANG_WARN_EMPTY_BODY = YES;
				CLANG_WARN_ENUM_CONVERSION = YES;
				CLANG_WARN_INFINITE_RECURSION = YES;
				CLANG_WARN_INT_CONVERSION = YES;
				CLANG_WARN_NON_LITERAL_NULL_CONVERSION = YES;
				CLANG_WARN_OBJC_IMPLICIT_RETAIN_SELF = YES;
				CLANG_WARN_OBJC_LITERAL_CONVERSION = YES;
				CLANG_WARN_OBJC_ROOT_CLASS = YES_ERROR;
				CLANG_WARN_RANGE_LOOP_ANALYSIS = YES;
				CLANG_WARN_STRICT_PROTOTYPES = YES;
				CLANG_WARN_SUSPICIOUS_MOVE = YES;
				CLANG_WARN_UNGUARDED_AVAILABILITY = YES_AGGRESSIVE;
				CLANG_WARN_UNREACHABLE_CODE = YES;
				CLANG_WARN__DUPLICATE_METHOD_MATCH = YES;
				COPY_PHASE_STRIP = NO;
				DEBUG_INFORMATION_FORMAT = "dwarf-with-dsym";
				ENABLE_NS_ASSERTIONS = NO;
				ENABLE_STRICT_OBJC_MSGSEND = YES;
				GCC_C_LANGUAGE_STANDARD = gnu11;
				GCC_NO_COMMON_BLOCKS = YES;
				GCC_WARN_64_TO_32_BIT_CONVERSION = YES;
				GCC_WARN_ABOUT_RETURN_TYPE = YES_ERROR;
				GCC_WARN_UNDECLARED_SELECTOR = YES;
				GCC_WARN_UNINITIALIZED_AUTOS = YES_AGGRESSIVE;
				GCC_WARN_UNUSED_FUNCTION = YES;
				GCC_WARN_UNUSED_VARIABLE = YES;
				IPHONEOS_DEPLOYMENT_TARGET = 13.5;
				MTL_ENABLE_DEBUG_INFO = NO;
				MTL_FAST_MATH = YES;
				SDKROOT = iphoneos;
				SWIFT_COMPILATION_MODE = wholemodule;
				SWIFT_OPTIMIZATION_LEVEL = "-O";
				VALIDATE_PRODUCT = YES;
			};
			name = Release;
		};
		4F1C4EB424A18EFD00D465C7 /* Debug */ = {
			isa = XCBuildConfiguration;
			buildSettings = {
				ASSETCATALOG_COMPILER_APPICON_NAME = AppIcon;
				CODE_SIGN_STYLE = Automatic;
				DEVELOPMENT_TEAM = FAN774JRD2;
				INFOPLIST_FILE = chocolate_by_number/Info.plist;
				LD_RUNPATH_SEARCH_PATHS = (
					"$(inherited)",
					"@executable_path/Frameworks",
				);
				PRODUCT_BUNDLE_IDENTIFIER = "com.hanweTest.chocolate-by-number";
				PRODUCT_NAME = "$(TARGET_NAME)";
				SWIFT_VERSION = 5.0;
				TARGETED_DEVICE_FAMILY = "1,2";
			};
			name = Debug;
		};
		4F1C4EB524A18EFD00D465C7 /* Release */ = {
			isa = XCBuildConfiguration;
			buildSettings = {
				ASSETCATALOG_COMPILER_APPICON_NAME = AppIcon;
				CODE_SIGN_STYLE = Automatic;
				DEVELOPMENT_TEAM = FAN774JRD2;
				INFOPLIST_FILE = chocolate_by_number/Info.plist;
				LD_RUNPATH_SEARCH_PATHS = (
					"$(inherited)",
					"@executable_path/Frameworks",
				);
				PRODUCT_BUNDLE_IDENTIFIER = "com.hanweTest.chocolate-by-number";
				PRODUCT_NAME = "$(TARGET_NAME)";
				SWIFT_VERSION = 5.0;
				TARGETED_DEVICE_FAMILY = "1,2";
			};
			name = Release;
		};
/* End XCBuildConfiguration section */

/* Begin XCConfigurationList section */
		4F1C4E9A24A18EFC00D465C7 /* Build configuration list for PBXProject "chocolate_by_number" */ = {
			isa = XCConfigurationList;
			buildConfigurations = (
				4F1C4EB124A18EFD00D465C7 /* Debug */,
				4F1C4EB224A18EFD00D465C7 /* Release */,
			);
			defaultConfigurationIsVisible = 0;
			defaultConfigurationName = Release;
		};
		4F1C4EB324A18EFD00D465C7 /* Build configuration list for PBXNativeTarget "chocolate_by_number" */ = {
			isa = XCConfigurationList;
			buildConfigurations = (
				4F1C4EB424A18EFD00D465C7 /* Debug */,
				4F1C4EB524A18EFD00D465C7 /* Release */,
			);
			defaultConfigurationIsVisible = 0;
			defaultConfigurationName = Release;
		};
/* End XCConfigurationList section */
	};
	rootObject = 4F1C4E9724A18EFC00D465C7 /* Project object */;
}
